// !$*UTF8*$!
{
	archiveVersion = 1;
	classes = {
	};
	objectVersion = 46;
	objects = {

/* Begin PBXBuildFile section */
		C1242CAC1E719CFF007490B8 /* SearchInteractorProtocol.swift in Sources */ = {isa = PBXBuildFile; fileRef = C1242CAB1E719CFF007490B8 /* SearchInteractorProtocol.swift */; };
		C1242CAE1E719D1C007490B8 /* SearchInteractor.swift in Sources */ = {isa = PBXBuildFile; fileRef = C1242CAD1E719D1C007490B8 /* SearchInteractor.swift */; };
		C1242CB01E719FAB007490B8 /* SearchNavigationHandlerProtocol.swift in Sources */ = {isa = PBXBuildFile; fileRef = C1242CAF1E719FAB007490B8 /* SearchNavigationHandlerProtocol.swift */; };
		C1242CB21E719FC8007490B8 /* SearchNavigationHandler.swift in Sources */ = {isa = PBXBuildFile; fileRef = C1242CB11E719FC8007490B8 /* SearchNavigationHandler.swift */; };
		C1242CB41E719FFA007490B8 /* SearchViewPresenterProtocol.swift in Sources */ = {isa = PBXBuildFile; fileRef = C1242CB31E719FFA007490B8 /* SearchViewPresenterProtocol.swift */; };
		C1242CB61E71A019007490B8 /* SearchViewPresenter.swift in Sources */ = {isa = PBXBuildFile; fileRef = C1242CB51E71A019007490B8 /* SearchViewPresenter.swift */; };
		C1242CB81E71A17A007490B8 /* SearchViewControllerProtocol.swift in Sources */ = {isa = PBXBuildFile; fileRef = C1242CB71E71A17A007490B8 /* SearchViewControllerProtocol.swift */; };
		C1242CBA1E71A193007490B8 /* SearchViewController.swift in Sources */ = {isa = PBXBuildFile; fileRef = C1242CB91E71A193007490B8 /* SearchViewController.swift */; };
		C1309DE01E55191F007E8462 /* Server.swift in Sources */ = {isa = PBXBuildFile; fileRef = C1309DDF1E55191F007E8462 /* Server.swift */; };
		C1309DE21E552E5A007E8462 /* Photo.swift in Sources */ = {isa = PBXBuildFile; fileRef = C1309DE11E552E5A007E8462 /* Photo.swift */; };
		C1371E551E54E26700A4E25D /* Model.swift in Sources */ = {isa = PBXBuildFile; fileRef = C1371E541E54E26700A4E25D /* Model.swift */; };
		C1622DEF1E55531800EF0454 /* PhotoCell.swift in Sources */ = {isa = PBXBuildFile; fileRef = C1622DEE1E55531800EF0454 /* PhotoCell.swift */; };
		C1CE4B041E564A6900DCB60A /* Details.swift in Sources */ = {isa = PBXBuildFile; fileRef = C1CE4B031E564A6900DCB60A /* Details.swift */; };
		C1D745C81E54CE6300433DED /* AppDelegate.swift in Sources */ = {isa = PBXBuildFile; fileRef = C1D745C71E54CE6300433DED /* AppDelegate.swift */; };
		C1D745CD1E54CE6300433DED /* Main.storyboard in Resources */ = {isa = PBXBuildFile; fileRef = C1D745CB1E54CE6300433DED /* Main.storyboard */; };
		C1D745CF1E54CE6300433DED /* Assets.xcassets in Resources */ = {isa = PBXBuildFile; fileRef = C1D745CE1E54CE6300433DED /* Assets.xcassets */; };
		C1D745D21E54CE6300433DED /* LaunchScreen.storyboard in Resources */ = {isa = PBXBuildFile; fileRef = C1D745D01E54CE6300433DED /* LaunchScreen.storyboard */; };
		C1D745DE1E54D20900433DED /* Search.swift in Sources */ = {isa = PBXBuildFile; fileRef = C1D745DD1E54D20900433DED /* Search.swift */; };
		C1D912261E5540F000C14A88 /* Results.swift in Sources */ = {isa = PBXBuildFile; fileRef = C1D912251E5540F000C14A88 /* Results.swift */; };
		C1E1FB391E550E59000A4F7C /* Extensions.swift in Sources */ = {isa = PBXBuildFile; fileRef = C1E1FB381E550E59000A4F7C /* Extensions.swift */; };
/* End PBXBuildFile section */

/* Begin PBXFileReference section */
		C1242CAB1E719CFF007490B8 /* SearchInteractorProtocol.swift */ = {isa = PBXFileReference; fileEncoding = 4; lastKnownFileType = sourcecode.swift; path = SearchInteractorProtocol.swift; sourceTree = "<group>"; };
		C1242CAD1E719D1C007490B8 /* SearchInteractor.swift */ = {isa = PBXFileReference; fileEncoding = 4; lastKnownFileType = sourcecode.swift; path = SearchInteractor.swift; sourceTree = "<group>"; };
		C1242CAF1E719FAB007490B8 /* SearchNavigationHandlerProtocol.swift */ = {isa = PBXFileReference; fileEncoding = 4; lastKnownFileType = sourcecode.swift; path = SearchNavigationHandlerProtocol.swift; sourceTree = "<group>"; };
		C1242CB11E719FC8007490B8 /* SearchNavigationHandler.swift */ = {isa = PBXFileReference; fileEncoding = 4; lastKnownFileType = sourcecode.swift; path = SearchNavigationHandler.swift; sourceTree = "<group>"; };
		C1242CB31E719FFA007490B8 /* SearchViewPresenterProtocol.swift */ = {isa = PBXFileReference; fileEncoding = 4; lastKnownFileType = sourcecode.swift; path = SearchViewPresenterProtocol.swift; sourceTree = "<group>"; };
		C1242CB51E71A019007490B8 /* SearchViewPresenter.swift */ = {isa = PBXFileReference; fileEncoding = 4; lastKnownFileType = sourcecode.swift; path = SearchViewPresenter.swift; sourceTree = "<group>"; };
		C1242CB71E71A17A007490B8 /* SearchViewControllerProtocol.swift */ = {isa = PBXFileReference; fileEncoding = 4; lastKnownFileType = sourcecode.swift; path = SearchViewControllerProtocol.swift; sourceTree = "<group>"; };
		C1242CB91E71A193007490B8 /* SearchViewController.swift */ = {isa = PBXFileReference; fileEncoding = 4; lastKnownFileType = sourcecode.swift; path = SearchViewController.swift; sourceTree = "<group>"; };
		C1309DDF1E55191F007E8462 /* Server.swift */ = {isa = PBXFileReference; fileEncoding = 4; lastKnownFileType = sourcecode.swift; path = Server.swift; sourceTree = "<group>"; };
		C1309DE11E552E5A007E8462 /* Photo.swift */ = {isa = PBXFileReference; fileEncoding = 4; lastKnownFileType = sourcecode.swift; path = Photo.swift; sourceTree = "<group>"; };
		C1371E541E54E26700A4E25D /* Model.swift */ = {isa = PBXFileReference; fileEncoding = 4; lastKnownFileType = sourcecode.swift; path = Model.swift; sourceTree = "<group>"; };
		C1622DEE1E55531800EF0454 /* PhotoCell.swift */ = {isa = PBXFileReference; fileEncoding = 4; lastKnownFileType = sourcecode.swift; path = PhotoCell.swift; sourceTree = "<group>"; };
		C1CE4B031E564A6900DCB60A /* Details.swift */ = {isa = PBXFileReference; fileEncoding = 4; lastKnownFileType = sourcecode.swift; path = Details.swift; sourceTree = "<group>"; };
		C1D745C41E54CE6300433DED /* JiveFlickr.app */ = {isa = PBXFileReference; explicitFileType = wrapper.application; includeInIndex = 0; path = JiveFlickr.app; sourceTree = BUILT_PRODUCTS_DIR; };
		C1D745C71E54CE6300433DED /* AppDelegate.swift */ = {isa = PBXFileReference; lastKnownFileType = sourcecode.swift; path = AppDelegate.swift; sourceTree = "<group>"; };
		C1D745CC1E54CE6300433DED /* Base */ = {isa = PBXFileReference; lastKnownFileType = file.storyboard; name = Base; path = Base.lproj/Main.storyboard; sourceTree = "<group>"; };
		C1D745CE1E54CE6300433DED /* Assets.xcassets */ = {isa = PBXFileReference; lastKnownFileType = folder.assetcatalog; path = Assets.xcassets; sourceTree = "<group>"; };
		C1D745D11E54CE6300433DED /* Base */ = {isa = PBXFileReference; lastKnownFileType = file.storyboard; name = Base; path = Base.lproj/LaunchScreen.storyboard; sourceTree = "<group>"; };
		C1D745D31E54CE6300433DED /* Info.plist */ = {isa = PBXFileReference; lastKnownFileType = text.plist.xml; path = Info.plist; sourceTree = "<group>"; };
		C1D745DD1E54D20900433DED /* Search.swift */ = {isa = PBXFileReference; fileEncoding = 4; lastKnownFileType = sourcecode.swift; path = Search.swift; sourceTree = "<group>"; };
		C1D912251E5540F000C14A88 /* Results.swift */ = {isa = PBXFileReference; fileEncoding = 4; lastKnownFileType = sourcecode.swift; path = Results.swift; sourceTree = "<group>"; };
		C1E1FB381E550E59000A4F7C /* Extensions.swift */ = {isa = PBXFileReference; fileEncoding = 4; lastKnownFileType = sourcecode.swift; path = Extensions.swift; sourceTree = "<group>"; };
/* End PBXFileReference section */

/* Begin PBXFrameworksBuildPhase section */
		C1D745C11E54CE6300433DED /* Frameworks */ = {
			isa = PBXFrameworksBuildPhase;
			buildActionMask = 2147483647;
			files = (
			);
			runOnlyForDeploymentPostprocessing = 0;
		};
/* End PBXFrameworksBuildPhase section */

/* Begin PBXGroup section */
		C10653E11E57694400C1A89F /* Cells */ = {
			isa = PBXGroup;
			children = (
				C1622DEE1E55531800EF0454 /* PhotoCell.swift */,
			);
			name = Cells;
			sourceTree = "<group>";
		};
		C1242CAA1E719C95007490B8 /* Search */ = {
			isa = PBXGroup;
			children = (
				C1242CAB1E719CFF007490B8 /* SearchInteractorProtocol.swift */,
				C1242CAD1E719D1C007490B8 /* SearchInteractor.swift */,
				C1242CAF1E719FAB007490B8 /* SearchNavigationHandlerProtocol.swift */,
				C1242CB11E719FC8007490B8 /* SearchNavigationHandler.swift */,
				C1550AE31E71F2E2004072FA /* Search */,
				C1550AE41E71F2E8004072FA /* Results */,
				C1550AE51E71F2F1004072FA /* Details */,
			);
			name = Search;
			sourceTree = "<group>";
		};
		C1550AE31E71F2E2004072FA /* Search */ = {
			isa = PBXGroup;
			children = (
				C1242CB31E719FFA007490B8 /* SearchViewPresenterProtocol.swift */,
				C1242CB51E71A019007490B8 /* SearchViewPresenter.swift */,
				C1242CB71E71A17A007490B8 /* SearchViewControllerProtocol.swift */,
				C1242CB91E71A193007490B8 /* SearchViewController.swift */,
			);
			name = Search;
			sourceTree = "<group>";
		};
		C1550AE41E71F2E8004072FA /* Results */ = {
			isa = PBXGroup;
			children = (
			);
			name = Results;
			sourceTree = "<group>";
		};
		C1550AE51E71F2F1004072FA /* Details */ = {
			isa = PBXGroup;
			children = (
			);
			name = Details;
			sourceTree = "<group>";
		};
		C1CE4B051E564D3C00DCB60A /* View Controllers */ = {
			isa = PBXGroup;
			children = (
				C1D745DD1E54D20900433DED /* Search.swift */,
				C1D912251E5540F000C14A88 /* Results.swift */,
				C1CE4B031E564A6900DCB60A /* Details.swift */,
			);
			name = "View Controllers";
			sourceTree = "<group>";
		};
		C1CE4B061E564E8A00DCB60A /* Storyboards */ = {
			isa = PBXGroup;
			children = (
				C1D745CB1E54CE6300433DED /* Main.storyboard */,
				C1D745D01E54CE6300433DED /* LaunchScreen.storyboard */,
			);
			name = Storyboards;
			sourceTree = "<group>";
		};
		C1D745BB1E54CE6300433DED = {
			isa = PBXGroup;
			children = (
				C1D745C61E54CE6300433DED /* JiveFlickr */,
				C1D745C51E54CE6300433DED /* Products */,
			);
			sourceTree = "<group>";
		};
		C1D745C51E54CE6300433DED /* Products */ = {
			isa = PBXGroup;
			children = (
				C1D745C41E54CE6300433DED /* JiveFlickr.app */,
			);
			name = Products;
			sourceTree = "<group>";
		};
		C1D745C61E54CE6300433DED /* JiveFlickr */ = {
			isa = PBXGroup;
			children = (
				C1D745C71E54CE6300433DED /* AppDelegate.swift */,
				C1D745CE1E54CE6300433DED /* Assets.xcassets */,
				C1D745D31E54CE6300433DED /* Info.plist */,
				C1242CAA1E719C95007490B8 /* Search */,
				C1CE4B051E564D3C00DCB60A /* View Controllers */,
				C10653E11E57694400C1A89F /* Cells */,
				C1CE4B061E564E8A00DCB60A /* Storyboards */,
				C1EFF2121E57468E007B1B9F /* Data */,
				C1E1FB381E550E59000A4F7C /* Extensions.swift */,
			);
			path = JiveFlickr;
			sourceTree = "<group>";
		};
		C1EFF2121E57468E007B1B9F /* Data */ = {
			isa = PBXGroup;
			children = (
				C1371E541E54E26700A4E25D /* Model.swift */,
				C1309DDF1E55191F007E8462 /* Server.swift */,
				C1309DE11E552E5A007E8462 /* Photo.swift */,
			);
			name = Data;
			sourceTree = "<group>";
		};
/* End PBXGroup section */

/* Begin PBXNativeTarget section */
		C1D745C31E54CE6300433DED /* JiveFlickr */ = {
			isa = PBXNativeTarget;
			buildConfigurationList = C1D745D61E54CE6300433DED /* Build configuration list for PBXNativeTarget "JiveFlickr" */;
			buildPhases = (
				C1D745C01E54CE6300433DED /* Sources */,
				C1D745C11E54CE6300433DED /* Frameworks */,
				C1D745C21E54CE6300433DED /* Resources */,
			);
			buildRules = (
			);
			dependencies = (
			);
			name = JiveFlickr;
			productName = JiveFlickr;
			productReference = C1D745C41E54CE6300433DED /* JiveFlickr.app */;
			productType = "com.apple.product-type.application";
		};
/* End PBXNativeTarget section */

/* Begin PBXProject section */
		C1D745BC1E54CE6300433DED /* Project object */ = {
			isa = PBXProject;
			attributes = {
				LastSwiftUpdateCheck = 0820;
				LastUpgradeCheck = 0820;
				ORGANIZATIONNAME = "Storke Brothers LLC";
				TargetAttributes = {
					C1D745C31E54CE6300433DED = {
						CreatedOnToolsVersion = 8.2.1;
						DevelopmentTeam = GA4L9A4FGA;
						ProvisioningStyle = Automatic;
					};
				};
			};
			buildConfigurationList = C1D745BF1E54CE6300433DED /* Build configuration list for PBXProject "JiveFlickr" */;
			compatibilityVersion = "Xcode 3.2";
			developmentRegion = English;
			hasScannedForEncodings = 0;
			knownRegions = (
				en,
				Base,
			);
			mainGroup = C1D745BB1E54CE6300433DED;
			productRefGroup = C1D745C51E54CE6300433DED /* Products */;
			projectDirPath = "";
			projectRoot = "";
			targets = (
				C1D745C31E54CE6300433DED /* JiveFlickr */,
			);
		};
/* End PBXProject section */

/* Begin PBXResourcesBuildPhase section */
		C1D745C21E54CE6300433DED /* Resources */ = {
			isa = PBXResourcesBuildPhase;
			buildActionMask = 2147483647;
			files = (
				C1D745D21E54CE6300433DED /* LaunchScreen.storyboard in Resources */,
				C1D745CF1E54CE6300433DED /* Assets.xcassets in Resources */,
				C1D745CD1E54CE6300433DED /* Main.storyboard in Resources */,
			);
			runOnlyForDeploymentPostprocessing = 0;
		};
/* End PBXResourcesBuildPhase section */

/* Begin PBXSourcesBuildPhase section */
		C1D745C01E54CE6300433DED /* Sources */ = {
			isa = PBXSourcesBuildPhase;
			buildActionMask = 2147483647;
			files = (
				C1309DE21E552E5A007E8462 /* Photo.swift in Sources */,
				C1E1FB391E550E59000A4F7C /* Extensions.swift in Sources */,
				C1371E551E54E26700A4E25D /* Model.swift in Sources */,
				C1242CBA1E71A193007490B8 /* SearchViewController.swift in Sources */,
				C1242CB41E719FFA007490B8 /* SearchViewPresenterProtocol.swift in Sources */,
				C1242CB81E71A17A007490B8 /* SearchViewControllerProtocol.swift in Sources */,
				C1D912261E5540F000C14A88 /* Results.swift in Sources */,
				C1242CB21E719FC8007490B8 /* SearchNavigationHandler.swift in Sources */,
				C1622DEF1E55531800EF0454 /* PhotoCell.swift in Sources */,
				C1CE4B041E564A6900DCB60A /* Details.swift in Sources */,
				C1D745DE1E54D20900433DED /* Search.swift in Sources */,
				C1242CAE1E719D1C007490B8 /* SearchInteractor.swift in Sources */,
				C1242CB61E71A019007490B8 /* SearchViewPresenter.swift in Sources */,
				C1309DE01E55191F007E8462 /* Server.swift in Sources */,
				C1242CAC1E719CFF007490B8 /* SearchInteractorProtocol.swift in Sources */,
				C1242CB01E719FAB007490B8 /* SearchNavigationHandlerProtocol.swift in Sources */,
				C1D745C81E54CE6300433DED /* AppDelegate.swift in Sources */,
			);
			runOnlyForDeploymentPostprocessing = 0;
		};
/* End PBXSourcesBuildPhase section */

/* Begin PBXVariantGroup section */
		C1D745CB1E54CE6300433DED /* Main.storyboard */ = {
			isa = PBXVariantGroup;
			children = (
				C1D745CC1E54CE6300433DED /* Base */,
			);
			name = Main.storyboard;
			sourceTree = "<group>";
		};
		C1D745D01E54CE6300433DED /* LaunchScreen.storyboard */ = {
			isa = PBXVariantGroup;
			children = (
				C1D745D11E54CE6300433DED /* Base */,
			);
			name = LaunchScreen.storyboard;
			sourceTree = "<group>";
		};
/* End PBXVariantGroup section */

/* Begin XCBuildConfiguration section */
		C1D745D41E54CE6300433DED /* Debug */ = {
			isa = XCBuildConfiguration;
			buildSettings = {
				ALWAYS_SEARCH_USER_PATHS = NO;
				CLANG_ANALYZER_NONNULL = YES;
				CLANG_CXX_LANGUAGE_STANDARD = "gnu++0x";
				CLANG_CXX_LIBRARY = "libc++";
				CLANG_ENABLE_MODULES = YES;
				CLANG_ENABLE_OBJC_ARC = YES;
				CLANG_WARN_BOOL_CONVERSION = YES;
				CLANG_WARN_CONSTANT_CONVERSION = YES;
				CLANG_WARN_DIRECT_OBJC_ISA_USAGE = YES_ERROR;
				CLANG_WARN_DOCUMENTATION_COMMENTS = YES;
				CLANG_WARN_EMPTY_BODY = YES;
				CLANG_WARN_ENUM_CONVERSION = YES;
				CLANG_WARN_INFINITE_RECURSION = YES;
				CLANG_WARN_INT_CONVERSION = YES;
				CLANG_WARN_OBJC_ROOT_CLASS = YES_ERROR;
				CLANG_WARN_SUSPICIOUS_MOVE = YES;
				CLANG_WARN_UNREACHABLE_CODE = YES;
				CLANG_WARN__DUPLICATE_METHOD_MATCH = YES;
				"CODE_SIGN_IDENTITY[sdk=iphoneos*]" = "iPhone Developer";
				COPY_PHASE_STRIP = NO;
				DEBUG_INFORMATION_FORMAT = dwarf;
				ENABLE_STRICT_OBJC_MSGSEND = YES;
				ENABLE_TESTABILITY = YES;
				GCC_C_LANGUAGE_STANDARD = gnu99;
				GCC_DYNAMIC_NO_PIC = NO;
				GCC_NO_COMMON_BLOCKS = YES;
				GCC_OPTIMIZATION_LEVEL = 0;
				GCC_PREPROCESSOR_DEFINITIONS = (
					"DEBUG=1",
					"$(inherited)",
				);
				GCC_WARN_64_TO_32_BIT_CONVERSION = YES;
				GCC_WARN_ABOUT_RETURN_TYPE = YES_ERROR;
				GCC_WARN_UNDECLARED_SELECTOR = YES;
				GCC_WARN_UNINITIALIZED_AUTOS = YES_AGGRESSIVE;
				GCC_WARN_UNUSED_FUNCTION = YES;
				GCC_WARN_UNUSED_VARIABLE = YES;
				IPHONEOS_DEPLOYMENT_TARGET = 10.2;
				MTL_ENABLE_DEBUG_INFO = YES;
				ONLY_ACTIVE_ARCH = YES;
				SDKROOT = iphoneos;
				SWIFT_ACTIVE_COMPILATION_CONDITIONS = DEBUG;
				SWIFT_OPTIMIZATION_LEVEL = "-Onone";
				TARGETED_DEVICE_FAMILY = "1,2";
			};
			name = Debug;
		};
		C1D745D51E54CE6300433DED /* Release */ = {
			isa = XCBuildConfiguration;
			buildSettings = {
				ALWAYS_SEARCH_USER_PATHS = NO;
				CLANG_ANALYZER_NONNULL = YES;
				CLANG_CXX_LANGUAGE_STANDARD = "gnu++0x";
				CLANG_CXX_LIBRARY = "libc++";
				CLANG_ENABLE_MODULES = YES;
				CLANG_ENABLE_OBJC_ARC = YES;
				CLANG_WARN_BOOL_CONVERSION = YES;
				CLANG_WARN_CONSTANT_CONVERSION = YES;
				CLANG_WARN_DIRECT_OBJC_ISA_USAGE = YES_ERROR;
				CLANG_WARN_DOCUMENTATION_COMMENTS = YES;
				CLANG_WARN_EMPTY_BODY = YES;
				CLANG_WARN_ENUM_CONVERSION = YES;
				CLANG_WARN_INFINITE_RECURSION = YES;
				CLANG_WARN_INT_CONVERSION = YES;
				CLANG_WARN_OBJC_ROOT_CLASS = YES_ERROR;
				CLANG_WARN_SUSPICIOUS_MOVE = YES;
				CLANG_WARN_UNREACHABLE_CODE = YES;
				CLANG_WARN__DUPLICATE_METHOD_MATCH = YES;
				"CODE_SIGN_IDENTITY[sdk=iphoneos*]" = "iPhone Developer";
				COPY_PHASE_STRIP = NO;
				DEBUG_INFORMATION_FORMAT = "dwarf-with-dsym";
				ENABLE_NS_ASSERTIONS = NO;
				ENABLE_STRICT_OBJC_MSGSEND = YES;
				GCC_C_LANGUAGE_STANDARD = gnu99;
				GCC_NO_COMMON_BLOCKS = YES;
				GCC_WARN_64_TO_32_BIT_CONVERSION = YES;
				GCC_WARN_ABOUT_RETURN_TYPE = YES_ERROR;
				GCC_WARN_UNDECLARED_SELECTOR = YES;
				GCC_WARN_UNINITIALIZED_AUTOS = YES_AGGRESSIVE;
				GCC_WARN_UNUSED_FUNCTION = YES;
				GCC_WARN_UNUSED_VARIABLE = YES;
				IPHONEOS_DEPLOYMENT_TARGET = 10.2;
				MTL_ENABLE_DEBUG_INFO = NO;
				SDKROOT = iphoneos;
				SWIFT_OPTIMIZATION_LEVEL = "-Owholemodule";
				TARGETED_DEVICE_FAMILY = "1,2";
				VALIDATE_PRODUCT = YES;
			};
			name = Release;
		};
		C1D745D71E54CE6300433DED /* Debug */ = {
			isa = XCBuildConfiguration;
			buildSettings = {
				ASSETCATALOG_COMPILER_APPICON_NAME = AppIcon;
				DEVELOPMENT_TEAM = GA4L9A4FGA;
				INFOPLIST_FILE = JiveFlickr/Info.plist;
				LD_RUNPATH_SEARCH_PATHS = "$(inherited) @executable_path/Frameworks";
				PRODUCT_BUNDLE_IDENTIFIER = com.storkebrothers.JiveFlickr;
				PRODUCT_NAME = "$(TARGET_NAME)";
				SWIFT_VERSION = 3.0;
			};
			name = Debug;
		};
		C1D745D81E54CE6300433DED /* Release */ = {
			isa = XCBuildConfiguration;
			buildSettings = {
				ASSETCATALOG_COMPILER_APPICON_NAME = AppIcon;
				DEVELOPMENT_TEAM = GA4L9A4FGA;
				INFOPLIST_FILE = JiveFlickr/Info.plist;
				LD_RUNPATH_SEARCH_PATHS = "$(inherited) @executable_path/Frameworks";
				PRODUCT_BUNDLE_IDENTIFIER = com.storkebrothers.JiveFlickr;
				PRODUCT_NAME = "$(TARGET_NAME)";
				SWIFT_VERSION = 3.0;
			};
			name = Release;
		};
/* End XCBuildConfiguration section */

/* Begin XCConfigurationList section */
		C1D745BF1E54CE6300433DED /* Build configuration list for PBXProject "JiveFlickr" */ = {
			isa = XCConfigurationList;
			buildConfigurations = (
				C1D745D41E54CE6300433DED /* Debug */,
				C1D745D51E54CE6300433DED /* Release */,
			);
			defaultConfigurationIsVisible = 0;
			defaultConfigurationName = Release;
		};
		C1D745D61E54CE6300433DED /* Build configuration list for PBXNativeTarget "JiveFlickr" */ = {
			isa = XCConfigurationList;
			buildConfigurations = (
				C1D745D71E54CE6300433DED /* Debug */,
				C1D745D81E54CE6300433DED /* Release */,
			);
			defaultConfigurationIsVisible = 0;
			defaultConfigurationName = Release;
		};
/* End XCConfigurationList section */
	};
	rootObject = C1D745BC1E54CE6300433DED /* Project object */;
}
